
Microsoft Visual Studio Solution File, Format Version 12.00
# Visual Studio 15
VisualStudioVersion = 15.0.27703.2035
MinimumVisualStudioVersion = 10.0.40219.1
Project("{FAE04EC0-301F-11D3-BF4B-00C04F79EFBC}") = "CSharpBooleanWhileAndDowWhileConsoleApp2", "CSharpBooleanWhileAndDowWhileConsoleApp2\CSharpBooleanWhileAndDowWhileConsoleApp2.csproj", "{6C3B8C56-E7C4-4D3B-8DED-DD1FA85B4B22}"
EndProject
Global
	GlobalSection(SolutionConfigurationPlatforms) = preSolution
		Debug|Any CPU = Debug|Any CPU
		Release|Any CPU = Release|Any CPU
	EndGlobalSection
	GlobalSection(ProjectConfigurationPlatforms) = postSolution
		{6C3B8C56-E7C4-4D3B-8DED-DD1FA85B4B22}.Debug|Any CPU.ActiveCfg = Debug|Any CPU
		{6C3B8C56-E7C4-4D3B-8DED-DD1FA85B4B22}.Debug|Any CPU.Build.0 = Debug|Any CPU
		{6C3B8C56-E7C4-4D3B-8DED-DD1FA85B4B22}.Release|Any CPU.ActiveCfg = Release|Any CPU
		{6C3B8C56-E7C4-4D3B-8DED-DD1FA85B4B22}.Release|Any CPU.Build.0 = Release|Any CPU
	EndGlobalSection
	GlobalSection(SolutionProperties) = preSolution
		HideSolutionNode = FALSE
	EndGlobalSection
	GlobalSection(ExtensibilityGlobals) = postSolution
		SolutionGuid = {EC4CAA3A-DB45-4D28-AB3A-E6F22F003CBC}
	EndGlobalSection
EndGlobal
